#MicroXplorer Configuration settings - do not modify
Dma.I2C1_RX.0.Direction=DMA_PERIPH_TO_MEMORY
Dma.I2C1_RX.0.FIFOMode=DMA_FIFOMODE_DISABLE
Dma.I2C1_RX.0.Instance=DMA1_Stream5
Dma.I2C1_RX.0.MemDataAlignment=DMA_MDATAALIGN_BYTE
Dma.I2C1_RX.0.MemInc=DMA_MINC_ENABLE
Dma.I2C1_RX.0.Mode=DMA_NORMAL
Dma.I2C1_RX.0.PeriphDataAlignment=DMA_PDATAALIGN_BYTE
Dma.I2C1_RX.0.PeriphInc=DMA_PINC_DISABLE
Dma.I2C1_RX.0.Priority=DMA_PRIORITY_VERY_HIGH
Dma.I2C1_RX.0.RequestParameters=Instance,Direction,PeriphInc,MemInc,PeriphDataAlignment,MemDataAlignment,Mode,Priority,FIFOMode
Dma.Request0=I2C1_RX
Dma.Request1=UART4_TX
Dma.Request2=UART5_TX
Dma.Request3=UART4_RX
Dma.RequestsNb=4
Dma.UART4_RX.3.Direction=DMA_PERIPH_TO_MEMORY
Dma.UART4_RX.3.FIFOMode=DMA_FIFOMODE_DISABLE
Dma.UART4_RX.3.Instance=DMA1_Stream2
Dma.UART4_RX.3.MemDataAlignment=DMA_MDATAALIGN_BYTE
Dma.UART4_RX.3.MemInc=DMA_MINC_ENABLE
Dma.UART4_RX.3.Mode=DMA_NORMAL
Dma.UART4_RX.3.PeriphDataAlignment=DMA_PDATAALIGN_BYTE
Dma.UART4_RX.3.PeriphInc=DMA_PINC_DISABLE
Dma.UART4_RX.3.Priority=DMA_PRIORITY_LOW
Dma.UART4_RX.3.RequestParameters=Instance,Direction,PeriphInc,MemInc,PeriphDataAlignment,MemDataAlignment,Mode,Priority,FIFOMode
Dma.UART4_TX.1.Direction=DMA_MEMORY_TO_PERIPH
Dma.UART4_TX.1.FIFOMode=DMA_FIFOMODE_DISABLE
Dma.UART4_TX.1.Instance=DMA1_Stream4
Dma.UART4_TX.1.MemDataAlignment=DMA_MDATAALIGN_BYTE
Dma.UART4_TX.1.MemInc=DMA_MINC_ENABLE
Dma.UART4_TX.1.Mode=DMA_NORMAL
Dma.UART4_TX.1.PeriphDataAlignment=DMA_PDATAALIGN_BYTE
Dma.UART4_TX.1.PeriphInc=DMA_PINC_DISABLE
Dma.UART4_TX.1.Priority=DMA_PRIORITY_LOW
Dma.UART4_TX.1.RequestParameters=Instance,Direction,PeriphInc,MemInc,PeriphDataAlignment,MemDataAlignment,Mode,Priority,FIFOMode
Dma.UART5_TX.2.Direction=DMA_MEMORY_TO_PERIPH
Dma.UART5_TX.2.FIFOMode=DMA_FIFOMODE_DISABLE
Dma.UART5_TX.2.Instance=DMA1_Stream7
Dma.UART5_TX.2.MemDataAlignment=DMA_MDATAALIGN_BYTE
Dma.UART5_TX.2.MemInc=DMA_MINC_ENABLE
Dma.UART5_TX.2.Mode=DMA_NORMAL
Dma.UART5_TX.2.PeriphDataAlignment=DMA_PDATAALIGN_BYTE
Dma.UART5_TX.2.PeriphInc=DMA_PINC_DISABLE
Dma.UART5_TX.2.Priority=DMA_PRIORITY_LOW
Dma.UART5_TX.2.RequestParameters=Instance,Direction,PeriphInc,MemInc,PeriphDataAlignment,MemDataAlignment,Mode,Priority,FIFOMode
File.Version=6
I2C1.DutyCycle=I2C_DUTYCYCLE_16_9
I2C1.I2C_Mode=I2C_Fast
I2C1.IPParameters=I2C_Mode,DutyCycle
KeepUserPlacement=false
Mcu.Family=STM32F4
Mcu.IP0=DMA
Mcu.IP1=I2C1
Mcu.IP10=UART5
Mcu.IP2=NVIC
Mcu.IP3=RCC
Mcu.IP4=RTC
Mcu.IP5=SYS
Mcu.IP6=TIM1
Mcu.IP7=TIM3
Mcu.IP8=TIM5
Mcu.IP9=UART4
Mcu.IPNb=11
Mcu.Name=STM32F407V(E-G)Tx
Mcu.Package=LQFP100
Mcu.Pin0=PH0-OSC_IN
Mcu.Pin1=PH1-OSC_OUT
Mcu.Pin10=PC10
Mcu.Pin11=PC11
Mcu.Pin12=PC12
Mcu.Pin13=PD2
Mcu.Pin14=PB6
Mcu.Pin15=PB7
Mcu.Pin16=VP_RTC_VS_RTC_Activate
Mcu.Pin17=VP_SYS_VS_Systick
Mcu.Pin18=VP_TIM1_VS_ClockSourceINT
Mcu.Pin19=VP_TIM3_VS_ClockSourceINT
Mcu.Pin2=PA0-WKUP
Mcu.Pin20=VP_TIM5_VS_ClockSourceINT
Mcu.Pin3=PA6
Mcu.Pin4=PE9
Mcu.Pin5=PD12
Mcu.Pin6=PD13
Mcu.Pin7=PD14
Mcu.Pin8=PD15
Mcu.Pin9=PC9
Mcu.PinsNb=21
Mcu.ThirdPartyNb=0
Mcu.UserConstants=
Mcu.UserName=STM32F407VGTx
MxCube.Version=5.4.0
MxDb.Version=DB.5.0.40
NVIC.BusFault_IRQn=true\:0\:0\:false\:false\:true\:false\:false
NVIC.DMA1_Stream2_IRQn=true\:5\:0\:true\:false\:true\:false\:true
NVIC.DMA1_Stream4_IRQn=true\:5\:0\:true\:false\:true\:false\:true
NVIC.DMA1_Stream5_IRQn=true\:5\:0\:true\:false\:true\:false\:true
NVIC.DMA1_Stream7_IRQn=true\:5\:0\:true\:false\:true\:false\:true
NVIC.DebugMonitor_IRQn=true\:0\:0\:false\:false\:true\:false\:false
NVIC.EXTI9_5_IRQn=true\:0\:0\:false\:false\:true\:true\:true
NVIC.ForceEnableDMAVector=true
NVIC.HardFault_IRQn=true\:0\:0\:false\:false\:true\:false\:false
NVIC.I2C1_EV_IRQn=true\:0\:0\:true\:false\:true\:true\:true
NVIC.MemoryManagement_IRQn=true\:0\:0\:false\:false\:true\:false\:false
NVIC.NonMaskableInt_IRQn=true\:0\:0\:false\:false\:true\:false\:false
NVIC.PendSV_IRQn=true\:0\:0\:false\:false\:true\:false\:false
NVIC.PriorityGroup=NVIC_PRIORITYGROUP_4
NVIC.SVCall_IRQn=true\:0\:0\:false\:false\:true\:false\:false
NVIC.SysTick_IRQn=true\:0\:0\:false\:false\:true\:false\:true
NVIC.TIM1_CC_IRQn=true\:4\:0\:true\:false\:true\:true\:true
NVIC.TIM3_IRQn=true\:4\:0\:true\:false\:true\:true\:true
NVIC.TIM5_IRQn=true\:0\:0\:true\:false\:true\:true\:true
NVIC.UART4_IRQn=true\:5\:0\:true\:false\:true\:true\:true
NVIC.UART5_IRQn=true\:5\:0\:true\:false\:true\:true\:true
NVIC.UsageFault_IRQn=true\:0\:0\:false\:false\:true\:false\:false
PA0-WKUP.Signal=S_TIM5_CH1
PA6.Signal=S_TIM3_CH1
PB6.Mode=I2C
PB6.Signal=I2C1_SCL
PB7.Mode=I2C
PB7.Signal=I2C1_SDA
PC10.Mode=Asynchronous
PC10.Signal=UART4_TX
PC11.Locked=true
PC11.Mode=Asynchronous
PC11.Signal=UART4_RX
PC12.Mode=Asynchronous
PC12.Signal=UART5_TX
PC9.Locked=true
PC9.Signal=GPXTI9
PD12.Locked=true
PD12.Signal=GPIO_Output
PD13.Locked=true
PD13.Signal=GPIO_Output
PD14.Locked=true
PD14.Signal=GPIO_Output
PD15.Locked=true
PD15.Signal=GPIO_Output
PD2.Mode=Asynchronous
PD2.Signal=UART5_RX
PE9.Signal=S_TIM1_CH1
PH0-OSC_IN.Mode=HSE-External-Oscillator
PH0-OSC_IN.Signal=RCC_OSC_IN
PH1-OSC_OUT.Mode=HSE-External-Oscillator
PH1-OSC_OUT.Signal=RCC_OSC_OUT
PinOutPanel.RotationAngle=0
ProjectManager.AskForMigrate=true
ProjectManager.BackupPrevious=false
ProjectManager.CompilerOptimize=6
ProjectManager.ComputerToolchain=false
ProjectManager.CoupleFile=false
ProjectManager.CustomerFirmwarePackage=
ProjectManager.DefaultFWLocation=true
ProjectManager.DeletePrevious=true
ProjectManager.DeviceId=STM32F407VGTx
ProjectManager.FirmwarePackage=STM32Cube FW_F4 V1.24.2
ProjectManager.FreePins=false
ProjectManager.HalAssertFull=false
ProjectManager.HeapSize=0x200
ProjectManager.KeepUserCode=true
ProjectManager.LastFirmware=true
ProjectManager.LibraryCopy=1
ProjectManager.MainLocation=Core/Src
ProjectManager.NoMain=false
ProjectManager.PreviousToolchain=STM32CubeIDE
ProjectManager.ProjectBuild=false
ProjectManager.ProjectFileName=firmware.ioc
ProjectManager.ProjectName=firmware
ProjectManager.RegisterCallBack=
ProjectManager.StackSize=0x400
ProjectManager.TargetToolchain=STM32CubeIDE
ProjectManager.ToolChainLocation=
ProjectManager.UnderRoot=true
ProjectManager.functionlistsort=1-SystemClock_Config-RCC-false-HAL-false,2-MX_GPIO_Init-GPIO-false-HAL-true,3-MX_TIM1_Init-TIM1-false-HAL-true,4-MX_TIM3_Init-TIM3-false-HAL-true,5-MX_DMA_Init-DMA-false-HAL-true,6-MX_I2C1_Init-I2C1-false-HAL-true,7-MX_RTC_Init-RTC-false-HAL-true,8-MX_UART4_Init-UART4-false-HAL-true,9-MX_UART5_Init-UART5-false-HAL-true,10-MX_TIM8_Init-TIM8-false-HAL-true,11-MX_TIM5_Init-TIM5-false-HAL-true
RCC.48MHZClocksFreq_Value=38400000
RCC.AHBFreq_Value=76800000
RCC.APB1CLKDivider=RCC_HCLK_DIV2
RCC.APB1Freq_Value=38400000
RCC.APB1TimFreq_Value=76800000
RCC.APB2Freq_Value=76800000
RCC.APB2TimFreq_Value=76800000
RCC.CortexFreq_Value=76800000
RCC.EthernetFreq_Value=76800000
RCC.FCLKCortexFreq_Value=76800000
RCC.FamilyName=M
RCC.HCLKFreq_Value=76800000
RCC.HSE_VALUE=8000000
RCC.HSI_VALUE=16000000
RCC.I2SClocksFreq_Value=153600000
RCC.IPParameters=48MHZClocksFreq_Value,AHBFreq_Value,APB1CLKDivider,APB1Freq_Value,APB1TimFreq_Value,APB2Freq_Value,APB2TimFreq_Value,CortexFreq_Value,EthernetFreq_Value,FCLKCortexFreq_Value,FamilyName,HCLKFreq_Value,HSE_VALUE,HSI_VALUE,I2SClocksFreq_Value,LSE_VALUE,LSI_VALUE,MCO1PinFreq_Value,MCO2PinFreq_Value,PLLCLKFreq_Value,PLLM,PLLN,PLLQCLKFreq_Value,PLLSourceVirtual,RCC_MCO1Source,RCC_MCO2Source,RCC_RTC_Clock_Source,RCC_RTC_Clock_SourceVirtual,RCC_RTC_Clock_Source_FROM_HSE,RTCFreq_Value,RTCHSEDivFreq_Value,SYSCLKFreq_VALUE,SYSCLKSource,VCOI2SOutputFreq_Value,VCOInputFreq_Value,VCOOutputFreq_Value,VcooutputI2S
RCC.LSE_VALUE=32768
RCC.LSI_VALUE=32000
RCC.MCO1PinFreq_Value=32768
RCC.MCO2PinFreq_Value=8000000
RCC.PLLCLKFreq_Value=76800000
RCC.PLLM=5
RCC.PLLN=96
RCC.PLLQCLKFreq_Value=38400000
RCC.PLLSourceVirtual=RCC_PLLSOURCE_HSE
RCC.RCC_MCO1Source=RCC_MCO1SOURCE_LSE
RCC.RCC_MCO2Source=RCC_MCO2SOURCE_HSE
RCC.RCC_RTC_Clock_Source=RCC_RTCCLKSOURCE_HSE_DIV25
RCC.RCC_RTC_Clock_SourceVirtual=RCC_RTCCLKSOURCE_LSE
RCC.RCC_RTC_Clock_Source_FROM_HSE=RCC_RTCCLKSOURCE_HSE_DIV25
RCC.RTCFreq_Value=320000
RCC.RTCHSEDivFreq_Value=320000
RCC.SYSCLKFreq_VALUE=76800000
RCC.SYSCLKSource=RCC_SYSCLKSOURCE_PLLCLK
RCC.VCOI2SOutputFreq_Value=307200000
RCC.VCOInputFreq_Value=1600000
RCC.VCOOutputFreq_Value=153600000
RCC.VcooutputI2S=153600000
RTC.AsynchPrediv=32-1
RTC.IPParameters=SynchPrediv,AsynchPrediv
RTC.SynchPrediv=10000-1
SH.GPXTI9.0=GPIO_EXTI9
SH.GPXTI9.ConfNb=1
SH.S_TIM1_CH1.0=TIM1_CH1,Output Compare1 CH1
SH.S_TIM1_CH1.ConfNb=1
SH.S_TIM3_CH1.0=TIM3_CH1,Output Compare1 CH1
SH.S_TIM3_CH1.ConfNb=1
SH.S_TIM5_CH1.0=TIM5_CH1,Output Compare1 CH1
SH.S_TIM5_CH1.ConfNb=1
TIM1.AutoReloadPreload=TIM_AUTORELOAD_PRELOAD_DISABLE
TIM1.Channel-Output\ Compare1\ CH1=TIM_CHANNEL_1
TIM1.ClockDivision=TIM_CLOCKDIVISION_DIV1
TIM1.IPParameters=Period,TIM_MasterOutputTrigger,TIM_MasterSlaveMode,RepetitionCounter,ClockDivision,AutoReloadPreload,Prescaler,Channel-Output Compare1 CH1,OCMode_1
TIM1.OCMode_1=TIM_OCMODE_TOGGLE
TIM1.Period=5000-1
TIM1.Prescaler=7680-1
TIM1.RepetitionCounter=0
TIM1.TIM_MasterOutputTrigger=TIM_TRGO_RESET
TIM1.TIM_MasterSlaveMode=TIM_MASTERSLAVEMODE_DISABLE
TIM3.AutoReloadPreload=TIM_AUTORELOAD_PRELOAD_ENABLE
TIM3.Channel-Output\ Compare1\ CH1=TIM_CHANNEL_1
TIM3.ClockDivision=TIM_CLOCKDIVISION_DIV1
TIM3.IPParameters=TIM_MasterOutputTrigger,Prescaler,ClockDivision,AutoReloadPreload,Period,Channel-Output Compare1 CH1,OCMode_1,OC1Preload
TIM3.OC1Preload=ENABLE
TIM3.OCMode_1=TIM_OCMODE_TOGGLE
TIM3.Period=1
TIM3.Prescaler=0
TIM3.TIM_MasterOutputTrigger=TIM_TRGO_RESET
TIM5.AutoReloadPreload=TIM_AUTORELOAD_PRELOAD_ENABLE
TIM5.Channel-Output\ Compare1\ CH1=TIM_CHANNEL_1
TIM5.CounterMode=TIM_COUNTERMODE_UP
TIM5.IPParameters=Prescaler,Period,Channel-Output Compare1 CH1,TIM_MasterOutputTrigger,OCMode_1,OC1Preload,AutoReloadPreload,CounterMode
TIM5.OC1Preload=ENABLE
TIM5.OCMode_1=TIM_OCMODE_TOGGLE
TIM5.Period=25600000 - 1
TIM5.Prescaler=3-1
TIM5.TIM_MasterOutputTrigger=TIM_TRGO_RESET
UART4.BaudRate=500000
UART4.IPParameters=VirtualMode,BaudRate
UART4.VirtualMode=Asynchronous
UART5.BaudRate=9600
UART5.IPParameters=VirtualMode,BaudRate
UART5.VirtualMode=Asynchronous
VP_RTC_VS_RTC_Activate.Mode=RTC_Enabled
VP_RTC_VS_RTC_Activate.Signal=RTC_VS_RTC_Activate
VP_SYS_VS_Systick.Mode=SysTick
VP_SYS_VS_Systick.Signal=SYS_VS_Systick
VP_TIM1_VS_ClockSourceINT.Mode=Internal
VP_TIM1_VS_ClockSourceINT.Signal=TIM1_VS_ClockSourceINT
VP_TIM3_VS_ClockSourceINT.Mode=Internal
VP_TIM3_VS_ClockSourceINT.Signal=TIM3_VS_ClockSourceINT
VP_TIM5_VS_ClockSourceINT.Mode=Internal
VP_TIM5_VS_ClockSourceINT.Signal=TIM5_VS_ClockSourceINT
board=custom
isbadioc=false
